// !$*UTF8*$!
{
	archiveVersion = 1;
	classes = {
	};
	objectVersion = 56;
	objects = {

/* Begin PBXBuildFile section */
		DCB013A329103790006AD154 /* MoonShotApp.swift in Sources */ = {isa = PBXBuildFile; fileRef = DCB013A229103790006AD154 /* MoonShotApp.swift */; };
		DCB013A529103790006AD154 /* ContentView.swift in Sources */ = {isa = PBXBuildFile; fileRef = DCB013A429103790006AD154 /* ContentView.swift */; };
		DCB013A729103791006AD154 /* Assets.xcassets in Resources */ = {isa = PBXBuildFile; fileRef = DCB013A629103791006AD154 /* Assets.xcassets */; };
		DCB013AA29103791006AD154 /* Preview Assets.xcassets in Resources */ = {isa = PBXBuildFile; fileRef = DCB013A929103791006AD154 /* Preview Assets.xcassets */; };
		DCB013B129104660006AD154 /* astronauts.json in Resources */ = {isa = PBXBuildFile; fileRef = DCB013B029104660006AD154 /* astronauts.json */; };
		DCB013B329104667006AD154 /* missions.json in Resources */ = {isa = PBXBuildFile; fileRef = DCB013B229104667006AD154 /* missions.json */; };
		DCB013B529104E5C006AD154 /* Astronaut.swift in Sources */ = {isa = PBXBuildFile; fileRef = DCB013B429104E5C006AD154 /* Astronaut.swift */; };
		DCB013B729104EDB006AD154 /* Bundle-Decodable.swift in Sources */ = {isa = PBXBuildFile; fileRef = DCB013B629104EDB006AD154 /* Bundle-Decodable.swift */; };
		DCB013B929105C81006AD154 /* Mission.swift in Sources */ = {isa = PBXBuildFile; fileRef = DCB013B829105C81006AD154 /* Mission.swift */; };
		DCB013BB29106B66006AD154 /* Color-Theme.swift in Sources */ = {isa = PBXBuildFile; fileRef = DCB013BA29106B66006AD154 /* Color-Theme.swift */; };
		DCB013BD29106EF1006AD154 /* MissionView.swift in Sources */ = {isa = PBXBuildFile; fileRef = DCB013BC29106EF1006AD154 /* MissionView.swift */; };
		DCB013BF2910799B006AD154 /* AstronautView.swift in Sources */ = {isa = PBXBuildFile; fileRef = DCB013BE2910799B006AD154 /* AstronautView.swift */; };
/* End PBXBuildFile section */

/* Begin PBXFileReference section */
		DCB0139F29103790006AD154 /* MoonShot.app */ = {isa = PBXFileReference; explicitFileType = wrapper.application; includeInIndex = 0; path = MoonShot.app; sourceTree = BUILT_PRODUCTS_DIR; };
		DCB013A229103790006AD154 /* MoonShotApp.swift */ = {isa = PBXFileReference; lastKnownFileType = sourcecode.swift; path = MoonShotApp.swift; sourceTree = "<group>"; };
		DCB013A429103790006AD154 /* ContentView.swift */ = {isa = PBXFileReference; lastKnownFileType = sourcecode.swift; path = ContentView.swift; sourceTree = "<group>"; };
		DCB013A629103791006AD154 /* Assets.xcassets */ = {isa = PBXFileReference; lastKnownFileType = folder.assetcatalog; path = Assets.xcassets; sourceTree = "<group>"; };
		DCB013A929103791006AD154 /* Preview Assets.xcassets */ = {isa = PBXFileReference; lastKnownFileType = folder.assetcatalog; path = "Preview Assets.xcassets"; sourceTree = "<group>"; };
		DCB013B029104660006AD154 /* astronauts.json */ = {isa = PBXFileReference; fileEncoding = 4; lastKnownFileType = text.json; path = astronauts.json; sourceTree = "<group>"; };
		DCB013B229104667006AD154 /* missions.json */ = {isa = PBXFileReference; fileEncoding = 4; lastKnownFileType = text.json; path = missions.json; sourceTree = "<group>"; };
		DCB013B429104E5C006AD154 /* Astronaut.swift */ = {isa = PBXFileReference; lastKnownFileType = sourcecode.swift; path = Astronaut.swift; sourceTree = "<group>"; };
		DCB013B629104EDB006AD154 /* Bundle-Decodable.swift */ = {isa = PBXFileReference; lastKnownFileType = sourcecode.swift; path = "Bundle-Decodable.swift"; sourceTree = "<group>"; };
		DCB013B829105C81006AD154 /* Mission.swift */ = {isa = PBXFileReference; lastKnownFileType = sourcecode.swift; path = Mission.swift; sourceTree = "<group>"; };
		DCB013BA29106B66006AD154 /* Color-Theme.swift */ = {isa = PBXFileReference; lastKnownFileType = sourcecode.swift; path = "Color-Theme.swift"; sourceTree = "<group>"; };
		DCB013BC29106EF1006AD154 /* MissionView.swift */ = {isa = PBXFileReference; lastKnownFileType = sourcecode.swift; path = MissionView.swift; sourceTree = "<group>"; };
		DCB013BE2910799B006AD154 /* AstronautView.swift */ = {isa = PBXFileReference; lastKnownFileType = sourcecode.swift; path = AstronautView.swift; sourceTree = "<group>"; };
/* End PBXFileReference section */

/* Begin PBXFrameworksBuildPhase section */
		DCB0139C29103790006AD154 /* Frameworks */ = {
			isa = PBXFrameworksBuildPhase;
			buildActionMask = 2147483647;
			files = (
			);
			runOnlyForDeploymentPostprocessing = 0;
		};
/* End PBXFrameworksBuildPhase section */

/* Begin PBXGroup section */
		DC065E3729934CBB0068EAA5 /* Model */ = {
			isa = PBXGroup;
			children = (
				DCB013B829105C81006AD154 /* Mission.swift */,
				DCB013B429104E5C006AD154 /* Astronaut.swift */,
			);
			path = Model;
			sourceTree = "<group>";
		};
		DC065E3829934CE20068EAA5 /* Network */ = {
			isa = PBXGroup;
			children = (
				DCB013B629104EDB006AD154 /* Bundle-Decodable.swift */,
			);
			path = Network;
			sourceTree = "<group>";
		};
		DC065E3929934D610068EAA5 /* Views */ = {
			isa = PBXGroup;
			children = (
				DCB013BC29106EF1006AD154 /* MissionView.swift */,
				DCB013BE2910799B006AD154 /* AstronautView.swift */,
				DCB013A429103790006AD154 /* ContentView.swift */,
			);
			path = Views;
			sourceTree = "<group>";
		};
		DC065E3A29934D930068EAA5 /* Extensions */ = {
			isa = PBXGroup;
			children = (
				DCB013BA29106B66006AD154 /* Color-Theme.swift */,
			);
			path = Extensions;
			sourceTree = "<group>";
		};
		DCB0139629103790006AD154 = {
			isa = PBXGroup;
			children = (
				DCB013A129103790006AD154 /* MoonShot */,
				DCB013A029103790006AD154 /* Products */,
			);
			sourceTree = "<group>";
		};
		DCB013A029103790006AD154 /* Products */ = {
			isa = PBXGroup;
			children = (
				DCB0139F29103790006AD154 /* MoonShot.app */,
			);
			name = Products;
			sourceTree = "<group>";
		};
		DCB013A129103790006AD154 /* MoonShot */ = {
			isa = PBXGroup;
			children = (
				DC065E3A29934D930068EAA5 /* Extensions */,
				DC065E3929934D610068EAA5 /* Views */,
				DC065E3829934CE20068EAA5 /* Network */,
				DC065E3729934CBB0068EAA5 /* Model */,
				DCB013A229103790006AD154 /* MoonShotApp.swift */,
				DCB013B029104660006AD154 /* astronauts.json */,
				DCB013B229104667006AD154 /* missions.json */,
				DCB013A629103791006AD154 /* Assets.xcassets */,
				DCB013A829103791006AD154 /* Preview Content */,
			);
			path = MoonShot;
			sourceTree = "<group>";
		};
		DCB013A829103791006AD154 /* Preview Content */ = {
			isa = PBXGroup;
			children = (
				DCB013A929103791006AD154 /* Preview Assets.xcassets */,
			);
			path = "Preview Content";
			sourceTree = "<group>";
		};
/* End PBXGroup section */

/* Begin PBXNativeTarget section */
		DCB0139E29103790006AD154 /* MoonShot */ = {
			isa = PBXNativeTarget;
			buildConfigurationList = DCB013AD29103791006AD154 /* Build configuration list for PBXNativeTarget "MoonShot" */;
			buildPhases = (
				DCB0139B29103790006AD154 /* Sources */,
				DCB0139C29103790006AD154 /* Frameworks */,
				DCB0139D29103790006AD154 /* Resources */,
			);
			buildRules = (
			);
			dependencies = (
			);
			name = MoonShot;
			productName = MoonShot;
			productReference = DCB0139F29103790006AD154 /* MoonShot.app */;
			productType = "com.apple.product-type.application";
		};
/* End PBXNativeTarget section */

/* Begin PBXProject section */
		DCB0139729103790006AD154 /* Project object */ = {
			isa = PBXProject;
			attributes = {
				BuildIndependentTargetsInParallel = 1;
				LastSwiftUpdateCheck = 1400;
				LastUpgradeCheck = 1400;
				TargetAttributes = {
					DCB0139E29103790006AD154 = {
						CreatedOnToolsVersion = 14.0;
					};
				};
			};
			buildConfigurationList = DCB0139A29103790006AD154 /* Build configuration list for PBXProject "MoonShot" */;
			compatibilityVersion = "Xcode 14.0";
			developmentRegion = en;
			hasScannedForEncodings = 0;
			knownRegions = (
				en,
				Base,
			);
			mainGroup = DCB0139629103790006AD154;
			productRefGroup = DCB013A029103790006AD154 /* Products */;
			projectDirPath = "";
			projectRoot = "";
			targets = (
				DCB0139E29103790006AD154 /* MoonShot */,
			);
		};
/* End PBXProject section */

/* Begin PBXResourcesBuildPhase section */
		DCB0139D29103790006AD154 /* Resources */ = {
			isa = PBXResourcesBuildPhase;
			buildActionMask = 2147483647;
			files = (
				DCB013B129104660006AD154 /* astronauts.json in Resources */,
				DCB013AA29103791006AD154 /* Preview Assets.xcassets in Resources */,
				DCB013B329104667006AD154 /* missions.json in Resources */,
				DCB013A729103791006AD154 /* Assets.xcassets in Resources */,
			);
			runOnlyForDeploymentPostprocessing = 0;
		};
/* End PBXResourcesBuildPhase section */

/* Begin PBXSourcesBuildPhase section */
		DCB0139B29103790006AD154 /* Sources */ = {
			isa = PBXSourcesBuildPhase;
			buildActionMask = 2147483647;
			files = (
				DCB013BD29106EF1006AD154 /* MissionView.swift in Sources */,
				DCB013B529104E5C006AD154 /* Astronaut.swift in Sources */,
				DCB013BF2910799B006AD154 /* AstronautView.swift in Sources */,
				DCB013BB29106B66006AD154 /* Color-Theme.swift in Sources */,
				DCB013A529103790006AD154 /* ContentView.swift in Sources */,
				DCB013A329103790006AD154 /* MoonShotApp.swift in Sources */,
				DCB013B929105C81006AD154 /* Mission.swift in Sources */,
				DCB013B729104EDB006AD154 /* Bundle-Decodable.swift in Sources */,
			);
			runOnlyForDeploymentPostprocessing = 0;
		};
/* End PBXSourcesBuildPhase section */

/* Begin XCBuildConfiguration section */
		DCB013AB29103791006AD154 /* Debug */ = {
			isa = XCBuildConfiguration;
			buildSettings = {
				ALWAYS_SEARCH_USER_PATHS = NO;
				CLANG_ANALYZER_NONNULL = YES;
				CLANG_ANALYZER_NUMBER_OBJECT_CONVERSION = YES_AGGRESSIVE;
				CLANG_CXX_LANGUAGE_STANDARD = "gnu++20";
				CLANG_ENABLE_MODULES = YES;
				CLANG_ENABLE_OBJC_ARC = YES;
				CLANG_ENABLE_OBJC_WEAK = YES;
				CLANG_WARN_BLOCK_CAPTURE_AUTORELEASING = YES;
				CLANG_WARN_BOOL_CONVERSION = YES;
				CLANG_WARN_COMMA = YES;
				CLANG_WARN_CONSTANT_CONVERSION = YES;
				CLANG_WARN_DEPRECATED_OBJC_IMPLEMENTATIONS = YES;
				CLANG_WARN_DIRECT_OBJC_ISA_USAGE = YES_ERROR;
				CLANG_WARN_DOCUMENTATION_COMMENTS = YES;
				CLANG_WARN_EMPTY_BODY = YES;
				CLANG_WARN_ENUM_CONVERSION = YES;
				CLANG_WARN_INFINITE_RECURSION = YES;
				CLANG_WARN_INT_CONVERSION = YES;
				CLANG_WARN_NON_LITERAL_NULL_CONVERSION = YES;
				CLANG_WARN_OBJC_IMPLICIT_RETAIN_SELF = YES;
				CLANG_WARN_OBJC_LITERAL_CONVERSION = YES;
				CLANG_WARN_OBJC_ROOT_CLASS = YES_ERROR;
				CLANG_WARN_QUOTED_INCLUDE_IN_FRAMEWORK_HEADER = YES;
				CLANG_WARN_RANGE_LOOP_ANALYSIS = YES;
				CLANG_WARN_STRICT_PROTOTYPES = YES;
				CLANG_WARN_SUSPICIOUS_MOVE = YES;
				CLANG_WARN_UNGUARDED_AVAILABILITY = YES_AGGRESSIVE;
				CLANG_WARN_UNREACHABLE_CODE = YES;
				CLANG_WARN__DUPLICATE_METHOD_MATCH = YES;
				COPY_PHASE_STRIP = NO;
				DEBUG_INFORMATION_FORMAT = dwarf;
				ENABLE_STRICT_OBJC_MSGSEND = YES;
				ENABLE_TESTABILITY = YES;
				GCC_C_LANGUAGE_STANDARD = gnu11;
				GCC_DYNAMIC_NO_PIC = NO;
				GCC_NO_COMMON_BLOCKS = YES;
				GCC_OPTIMIZATION_LEVEL = 0;
				GCC_PREPROCESSOR_DEFINITIONS = (
					"DEBUG=1",
					"$(inherited)",
				);
				GCC_WARN_64_TO_32_BIT_CONVERSION = YES;
				GCC_WARN_ABOUT_RETURN_TYPE = YES_ERROR;
				GCC_WARN_UNDECLARED_SELECTOR = YES;
				GCC_WARN_UNINITIALIZED_AUTOS = YES_AGGRESSIVE;
				GCC_WARN_UNUSED_FUNCTION = YES;
				GCC_WARN_UNUSED_VARIABLE = YES;
				IPHONEOS_DEPLOYMENT_TARGET = 16.0;
				MTL_ENABLE_DEBUG_INFO = INCLUDE_SOURCE;
				MTL_FAST_MATH = YES;
				ONLY_ACTIVE_ARCH = YES;
				SDKROOT = iphoneos;
				SWIFT_ACTIVE_COMPILATION_CONDITIONS = DEBUG;
				SWIFT_OPTIMIZATION_LEVEL = "-Onone";
			};
			name = Debug;
		};
		DCB013AC29103791006AD154 /* Release */ = {
			isa = XCBuildConfiguration;
			buildSettings = {
				ALWAYS_SEARCH_USER_PATHS = NO;
				CLANG_ANALYZER_NONNULL = YES;
				CLANG_ANALYZER_NUMBER_OBJECT_CONVERSION = YES_AGGRESSIVE;
				CLANG_CXX_LANGUAGE_STANDARD = "gnu++20";
				CLANG_ENABLE_MODULES = YES;
				CLANG_ENABLE_OBJC_ARC = YES;
				CLANG_ENABLE_OBJC_WEAK = YES;
				CLANG_WARN_BLOCK_CAPTURE_AUTORELEASING = YES;
				CLANG_WARN_BOOL_CONVERSION = YES;
				CLANG_WARN_COMMA = YES;
				CLANG_WARN_CONSTANT_CONVERSION = YES;
				CLANG_WARN_DEPRECATED_OBJC_IMPLEMENTATIONS = YES;
				CLANG_WARN_DIRECT_OBJC_ISA_USAGE = YES_ERROR;
				CLANG_WARN_DOCUMENTATION_COMMENTS = YES;
				CLANG_WARN_EMPTY_BODY = YES;
				CLANG_WARN_ENUM_CONVERSION = YES;
				CLANG_WARN_INFINITE_RECURSION = YES;
				CLANG_WARN_INT_CONVERSION = YES;
				CLANG_WARN_NON_LITERAL_NULL_CONVERSION = YES;
				CLANG_WARN_OBJC_IMPLICIT_RETAIN_SELF = YES;
				CLANG_WARN_OBJC_LITERAL_CONVERSION = YES;
				CLANG_WARN_OBJC_ROOT_CLASS = YES_ERROR;
				CLANG_WARN_QUOTED_INCLUDE_IN_FRAMEWORK_HEADER = YES;
				CLANG_WARN_RANGE_LOOP_ANALYSIS = YES;
				CLANG_WARN_STRICT_PROTOTYPES = YES;
				CLANG_WARN_SUSPICIOUS_MOVE = YES;
				CLANG_WARN_UNGUARDED_AVAILABILITY = YES_AGGRESSIVE;
				CLANG_WARN_UNREACHABLE_CODE = YES;
				CLANG_WARN__DUPLICATE_METHOD_MATCH = YES;
				COPY_PHASE_STRIP = NO;
				DEBUG_INFORMATION_FORMAT = "dwarf-with-dsym";
				ENABLE_NS_ASSERTIONS = NO;
				ENABLE_STRICT_OBJC_MSGSEND = YES;
				GCC_C_LANGUAGE_STANDARD = gnu11;
				GCC_NO_COMMON_BLOCKS = YES;
				GCC_WARN_64_TO_32_BIT_CONVERSION = YES;
				GCC_WARN_ABOUT_RETURN_TYPE = YES_ERROR;
				GCC_WARN_UNDECLARED_SELECTOR = YES;
				GCC_WARN_UNINITIALIZED_AUTOS = YES_AGGRESSIVE;
				GCC_WARN_UNUSED_FUNCTION = YES;
				GCC_WARN_UNUSED_VARIABLE = YES;
				IPHONEOS_DEPLOYMENT_TARGET = 16.0;
				MTL_ENABLE_DEBUG_INFO = NO;
				MTL_FAST_MATH = YES;
				SDKROOT = iphoneos;
				SWIFT_COMPILATION_MODE = wholemodule;
				SWIFT_OPTIMIZATION_LEVEL = "-O";
				VALIDATE_PRODUCT = YES;
			};
			name = Release;
		};
		DCB013AE29103791006AD154 /* Debug */ = {
			isa = XCBuildConfiguration;
			buildSettings = {
				ASSETCATALOG_COMPILER_APPICON_NAME = AppIcon;
				ASSETCATALOG_COMPILER_GLOBAL_ACCENT_COLOR_NAME = AccentColor;
				CODE_SIGN_STYLE = Automatic;
				CURRENT_PROJECT_VERSION = 1;
				DEVELOPMENT_ASSET_PATHS = "\"MoonShot/Preview Content\"";
				DEVELOPMENT_TEAM = P7J2MR79T5;
				ENABLE_PREVIEWS = YES;
				GENERATE_INFOPLIST_FILE = YES;
				INFOPLIST_KEY_UIApplicationSceneManifest_Generation = YES;
				INFOPLIST_KEY_UIApplicationSupportsIndirectInputEvents = YES;
				INFOPLIST_KEY_UILaunchScreen_Generation = YES;
				INFOPLIST_KEY_UISupportedInterfaceOrientations_iPad = "UIInterfaceOrientationPortrait UIInterfaceOrientationPortraitUpsideDown UIInterfaceOrientationLandscapeLeft UIInterfaceOrientationLandscapeRight";
				INFOPLIST_KEY_UISupportedInterfaceOrientations_iPhone = "UIInterfaceOrientationPortrait UIInterfaceOrientationLandscapeLeft UIInterfaceOrientationLandscapeRight";
				LD_RUNPATH_SEARCH_PATHS = (
					"$(inherited)",
					"@executable_path/Frameworks",
				);
				MARKETING_VERSION = 1.0;
				PRODUCT_BUNDLE_IDENTIFIER = com.JefferySurratt.MoonShot;
				PRODUCT_NAME = "$(TARGET_NAME)";
				SWIFT_EMIT_LOC_STRINGS = YES;
				SWIFT_VERSION = 5.0;
				TARGETED_DEVICE_FAMILY = "1,2";
			};
			name = Debug;
		};
		DCB013AF29103791006AD154 /* Release */ = {
			isa = XCBuildConfiguration;
			buildSettings = {
				ASSETCATALOG_COMPILER_APPICON_NAME = AppIcon;
				ASSETCATALOG_COMPILER_GLOBAL_ACCENT_COLOR_NAME = AccentColor;
				CODE_SIGN_STYLE = Automatic;
				CURRENT_PROJECT_VERSION = 1;
				DEVELOPMENT_ASSET_PATHS = "\"MoonShot/Preview Content\"";
				DEVELOPMENT_TEAM = P7J2MR79T5;
				ENABLE_PREVIEWS = YES;
				GENERATE_INFOPLIST_FILE = YES;
				INFOPLIST_KEY_UIApplicationSceneManifest_Generation = YES;
				INFOPLIST_KEY_UIApplicationSupportsIndirectInputEvents = YES;
				INFOPLIST_KEY_UILaunchScreen_Generation = YES;
				INFOPLIST_KEY_UISupportedInterfaceOrientations_iPad = "UIInterfaceOrientationPortrait UIInterfaceOrientationPortraitUpsideDown UIInterfaceOrientationLandscapeLeft UIInterfaceOrientationLandscapeRight";
				INFOPLIST_KEY_UISupportedInterfaceOrientations_iPhone = "UIInterfaceOrientationPortrait UIInterfaceOrientationLandscapeLeft UIInterfaceOrientationLandscapeRight";
				LD_RUNPATH_SEARCH_PATHS = (
					"$(inherited)",
					"@executable_path/Frameworks",
				);
				MARKETING_VERSION = 1.0;
				PRODUCT_BUNDLE_IDENTIFIER = com.JefferySurratt.MoonShot;
				PRODUCT_NAME = "$(TARGET_NAME)";
				SWIFT_EMIT_LOC_STRINGS = YES;
				SWIFT_VERSION = 5.0;
				TARGETED_DEVICE_FAMILY = "1,2";
			};
			name = Release;
		};
/* End XCBuildConfiguration section */

/* Begin XCConfigurationList section */
		DCB0139A29103790006AD154 /* Build configuration list for PBXProject "MoonShot" */ = {
			isa = XCConfigurationList;
			buildConfigurations = (
				DCB013AB29103791006AD154 /* Debug */,
				DCB013AC29103791006AD154 /* Release */,
			);
			defaultConfigurationIsVisible = 0;
			defaultConfigurationName = Release;
		};
		DCB013AD29103791006AD154 /* Build configuration list for PBXNativeTarget "MoonShot" */ = {
			isa = XCConfigurationList;
			buildConfigurations = (
				DCB013AE29103791006AD154 /* Debug */,
				DCB013AF29103791006AD154 /* Release */,
			);
			defaultConfigurationIsVisible = 0;
			defaultConfigurationName = Release;
		};
/* End XCConfigurationList section */
	};
	rootObject = DCB0139729103790006AD154 /* Project object */;
}
